{
  "name": "@soundcut/decode-audio-data-fast",
  "version": "1.0.1",
  "lockfileVersion": 1,
  "requires": true,
  "dependencies": {
    "mp3-parser": {
      "version": "0.3.0",
      "resolved": "https://registry.npmjs.org/mp3-parser/-/mp3-parser-0.3.0.tgz",
      "integrity": "sha1-9lkmivuDJt7VzaMC7aO6UrD2GHQ="
    }
  }
}
